
Microsoft Visual Studio Solution File, Format Version 12.00
# Visual Studio Version 17
VisualStudioVersion = 17.13.35617.110
MinimumVisualStudioVersion = 10.0.40219.1
Project("{FAE04EC0-301F-11D3-BF4B-00C04F79EFBC}") = "HumanResourceManagementSystem.API", "HumanResourceManagementSystem.API\HumanResourceManagementSystem.API.csproj", "{DAD1AED7-D7FA-4D1E-B71D-3506D37FB79A}"
EndProject
Project("{FAE04EC0-301F-11D3-BF4B-00C04F79EFBC}") = "BuildingBlock", "BuildingBlock\BuildingBlock.csproj", "{59662AEC-F1DB-4689-A8F1-36EAF1E02894}"
EndProject
Project("{FAE04EC0-301F-11D3-BF4B-00C04F79EFBC}") = "HumanResourceManagementSystem.Data", "HumanResourceManagementSystem.Data\HumanResourceManagementSystem.Data.csproj", "{6F34E72E-3F6A-499A-BCCC-D68377180B7C}"
EndProject
Project("{E53339B2-1760-4266-BCC7-CA923CBCF16C}") = "docker-compose", "docker-compose.dcproj", "{81DDED9D-158B-E303-5F62-77A2896D2A5A}"
EndProject
Project("{FAE04EC0-301F-11D3-BF4B-00C04F79EFBC}") = "HumanResourceManagementSystem.Service", "HumanResourceManagementSystem.Service\HumanResourceManagementSystem.Service.csproj", "{8EC721E8-677C-4507-A725-E257E569256F}"
EndProject
Project("{2150E333-8FDC-42A3-9474-1A3956D46DE8}") = "Tests", "Tests", "{9F894CA3-CE22-4B97-AF8B-C67CED0C58E4}"
EndProject
Project("{FAE04EC0-301F-11D3-BF4B-00C04F79EFBC}") = "ServiceTest", "Tests\ServiceTest\ServiceTest.csproj", "{1BDFC047-5339-47BC-893D-CDB5A5E68749}"
EndProject
Project("{FAE04EC0-301F-11D3-BF4B-00C04F79EFBC}") = "ApiTest", "Tests\ApiTest\ApiTest.csproj", "{1EC031A7-CEBE-4E46-9DB4-042EA5D59B5D}"
EndProject
Project("{FAE04EC0-301F-11D3-BF4B-00C04F79EFBC}") = "ValidatorTest", "Tests\ValidatorTest\ValidatorTest.csproj", "{4F718F3A-A585-453F-B61C-DB6A067F51DF}"
EndProject
Global
	GlobalSection(SolutionConfigurationPlatforms) = preSolution
		Debug|Any CPU = Debug|Any CPU
		Release|Any CPU = Release|Any CPU
	EndGlobalSection
	GlobalSection(ProjectConfigurationPlatforms) = postSolution
		{DAD1AED7-D7FA-4D1E-B71D-3506D37FB79A}.Debug|Any CPU.ActiveCfg = Debug|Any CPU
		{DAD1AED7-D7FA-4D1E-B71D-3506D37FB79A}.Debug|Any CPU.Build.0 = Debug|Any CPU
		{DAD1AED7-D7FA-4D1E-B71D-3506D37FB79A}.Release|Any CPU.ActiveCfg = Release|Any CPU
		{DAD1AED7-D7FA-4D1E-B71D-3506D37FB79A}.Release|Any CPU.Build.0 = Release|Any CPU
		{59662AEC-F1DB-4689-A8F1-36EAF1E02894}.Debug|Any CPU.ActiveCfg = Debug|Any CPU
		{59662AEC-F1DB-4689-A8F1-36EAF1E02894}.Debug|Any CPU.Build.0 = Debug|Any CPU
		{59662AEC-F1DB-4689-A8F1-36EAF1E02894}.Release|Any CPU.ActiveCfg = Release|Any CPU
		{59662AEC-F1DB-4689-A8F1-36EAF1E02894}.Release|Any CPU.Build.0 = Release|Any CPU
		{6F34E72E-3F6A-499A-BCCC-D68377180B7C}.Debug|Any CPU.ActiveCfg = Debug|Any CPU
		{6F34E72E-3F6A-499A-BCCC-D68377180B7C}.Debug|Any CPU.Build.0 = Debug|Any CPU
		{6F34E72E-3F6A-499A-BCCC-D68377180B7C}.Release|Any CPU.ActiveCfg = Release|Any CPU
		{6F34E72E-3F6A-499A-BCCC-D68377180B7C}.Release|Any CPU.Build.0 = Release|Any CPU
		{81DDED9D-158B-E303-5F62-77A2896D2A5A}.Debug|Any CPU.ActiveCfg = Debug|Any CPU
		{81DDED9D-158B-E303-5F62-77A2896D2A5A}.Debug|Any CPU.Build.0 = Debug|Any CPU
		{81DDED9D-158B-E303-5F62-77A2896D2A5A}.Release|Any CPU.ActiveCfg = Release|Any CPU
		{81DDED9D-158B-E303-5F62-77A2896D2A5A}.Release|Any CPU.Build.0 = Release|Any CPU
		{8EC721E8-677C-4507-A725-E257E569256F}.Debug|Any CPU.ActiveCfg = Debug|Any CPU
		{8EC721E8-677C-4507-A725-E257E569256F}.Debug|Any CPU.Build.0 = Debug|Any CPU
		{8EC721E8-677C-4507-A725-E257E569256F}.Release|Any CPU.ActiveCfg = Release|Any CPU
		{8EC721E8-677C-4507-A725-E257E569256F}.Release|Any CPU.Build.0 = Release|Any CPU
		{1BDFC047-5339-47BC-893D-CDB5A5E68749}.Debug|Any CPU.ActiveCfg = Debug|Any CPU
		{1BDFC047-5339-47BC-893D-CDB5A5E68749}.Debug|Any CPU.Build.0 = Debug|Any CPU
		{1BDFC047-5339-47BC-893D-CDB5A5E68749}.Release|Any CPU.ActiveCfg = Release|Any CPU
		{1BDFC047-5339-47BC-893D-CDB5A5E68749}.Release|Any CPU.Build.0 = Release|Any CPU
		{1EC031A7-CEBE-4E46-9DB4-042EA5D59B5D}.Debug|Any CPU.ActiveCfg = Debug|Any CPU
		{1EC031A7-CEBE-4E46-9DB4-042EA5D59B5D}.Debug|Any CPU.Build.0 = Debug|Any CPU
		{1EC031A7-CEBE-4E46-9DB4-042EA5D59B5D}.Release|Any CPU.ActiveCfg = Release|Any CPU
		{1EC031A7-CEBE-4E46-9DB4-042EA5D59B5D}.Release|Any CPU.Build.0 = Release|Any CPU
		{4F718F3A-A585-453F-B61C-DB6A067F51DF}.Debug|Any CPU.ActiveCfg = Debug|Any CPU
		{4F718F3A-A585-453F-B61C-DB6A067F51DF}.Debug|Any CPU.Build.0 = Debug|Any CPU
		{4F718F3A-A585-453F-B61C-DB6A067F51DF}.Release|Any CPU.ActiveCfg = Release|Any CPU
		{4F718F3A-A585-453F-B61C-DB6A067F51DF}.Release|Any CPU.Build.0 = Release|Any CPU
	EndGlobalSection
	GlobalSection(SolutionProperties) = preSolution
		HideSolutionNode = FALSE
	EndGlobalSection
	GlobalSection(NestedProjects) = preSolution
		{1BDFC047-5339-47BC-893D-CDB5A5E68749} = {9F894CA3-CE22-4B97-AF8B-C67CED0C58E4}
		{1EC031A7-CEBE-4E46-9DB4-042EA5D59B5D} = {9F894CA3-CE22-4B97-AF8B-C67CED0C58E4}
		{4F718F3A-A585-453F-B61C-DB6A067F51DF} = {9F894CA3-CE22-4B97-AF8B-C67CED0C58E4}
	EndGlobalSection
	GlobalSection(ExtensibilityGlobals) = postSolution
		SolutionGuid = {77C06452-5A8D-4877-A75F-12FF9790CD36}
	EndGlobalSection
EndGlobal
